// !$*UTF8*$!
{
	archiveVersion = 1;
	classes = {
	};
	objectVersion = 46;
	objects = {

/* Begin PBXGroup section */
		B7C55E9C196AD20D00CFF5B1 = {
			isa = PBXGroup;
			children = (
			);
			sourceTree = "<group>";
		};
/* End PBXGroup section */

/* Begin PBXProject section */
		B7C55E9D196AD20D00CFF5B1 /* Project object */ = {
			isa = PBXProject;
			attributes = {
				LastUpgradeCheck = 0510;
			};
			buildConfigurationList = B7C55EA0196AD20D00CFF5B1 /* Build configuration list for PBXProject "Alpha" */;
			compatibilityVersion = "Xcode 3.2";
			developmentRegion = English;
			hasScannedForEncodings = 0;
			knownRegions = (
				en,
			);
			mainGroup = B7C55E9C196AD20D00CFF5B1;
			projectDirPath = "";
			projectRoot = "";
			targets = (
			);
		};
/* End PBXProject section */

/* Begin XCBuildConfiguration section */
		B7C55EA1196AD20D00CFF5B1 /* Debug */ = {
			isa = XCBuildConfiguration;
			buildSettings = {
			};
			name = Debug;
		};
		B7C55EA2196AD20D00CFF5B1 /* Release */ = {
			isa = XCBuildConfiguration;
			buildSettings = {
			};
			name = Release;
		};
/* End XCBuildConfiguration section */

/* Begin XCConfigurationList section */
		B7C55EA0196AD20D00CFF5B1 /* Build configuration list for PBXProject "Alpha" */ = {
			isa = XCConfigurationList;
			buildConfigurations = (
				B7C55EA1196AD20D00CFF5B1 /* Debug */,
				B7C55EA2196AD20D00CFF5B1 /* Release */,
			);
			defaultConfigurationIsVisible = 0;
			defaultConfigurationName = Release;
		};
/* End XCConfigurationList section */
	};
	rootObject = B7C55E9D196AD20D00CFF5B1 /* Project object */;
}
